
Microsoft Visual Studio Solution File, Format Version 11.00
# Visual Studio 2010
Project("{FAE04EC0-301F-11D3-BF4B-00C04F79EFBC}") = "Unity.2D.Tilemap.Extras", "Unity.2D.Tilemap.Extras.csproj", "{d1065053-9e7a-7cf5-be61-fe85963efbd1}"
EndProject
Project("{FAE04EC0-301F-11D3-BF4B-00C04F79EFBC}") = "Assembly-CSharp", "Assembly-CSharp.csproj", "{7e51dad0-0bdd-003e-5524-128681343f4e}"
EndProject
Project("{FAE04EC0-301F-11D3-BF4B-00C04F79EFBC}") = "Unity.2D.Tilemap.Extras.Editor", "Unity.2D.Tilemap.Extras.Editor.csproj", "{a12099a9-98a9-1f6f-0bc8-9a515c4597fd}"
EndProject
Project("{FAE04EC0-301F-11D3-BF4B-00C04F79EFBC}") = "Unity.2D.Tilemap.Extras.Placeholder.EditorTests", "Unity.2D.Tilemap.Extras.Placeholder.EditorTests.csproj", "{e1c47b5b-21e1-a577-ca93-a59278bdb8c3}"
EndProject
Global
	GlobalSection(SolutionConfigurationPlatforms) = preSolution
		Debug|Any CPU = Debug|Any CPU
		Release|Any CPU = Release|Any CPU
	EndGlobalSection
	GlobalSection(ProjectConfigurationPlatforms) = postSolution
		{d1065053-9e7a-7cf5-be61-fe85963efbd1}.Debug|Any CPU.ActiveCfg = Debug|Any CPU
		{d1065053-9e7a-7cf5-be61-fe85963efbd1}.Debug|Any CPU.Build.0 = Debug|Any CPU
		{d1065053-9e7a-7cf5-be61-fe85963efbd1}.Release|Any CPU.ActiveCfg = Release|Any CPU
		{d1065053-9e7a-7cf5-be61-fe85963efbd1}.Release|Any CPU.Build.0 = Release|Any CPU
		{7e51dad0-0bdd-003e-5524-128681343f4e}.Debug|Any CPU.ActiveCfg = Debug|Any CPU
		{7e51dad0-0bdd-003e-5524-128681343f4e}.Debug|Any CPU.Build.0 = Debug|Any CPU
		{7e51dad0-0bdd-003e-5524-128681343f4e}.Release|Any CPU.ActiveCfg = Release|Any CPU
		{7e51dad0-0bdd-003e-5524-128681343f4e}.Release|Any CPU.Build.0 = Release|Any CPU
		{a12099a9-98a9-1f6f-0bc8-9a515c4597fd}.Debug|Any CPU.ActiveCfg = Debug|Any CPU
		{a12099a9-98a9-1f6f-0bc8-9a515c4597fd}.Debug|Any CPU.Build.0 = Debug|Any CPU
		{a12099a9-98a9-1f6f-0bc8-9a515c4597fd}.Release|Any CPU.ActiveCfg = Release|Any CPU
		{a12099a9-98a9-1f6f-0bc8-9a515c4597fd}.Release|Any CPU.Build.0 = Release|Any CPU
		{e1c47b5b-21e1-a577-ca93-a59278bdb8c3}.Debug|Any CPU.ActiveCfg = Debug|Any CPU
		{e1c47b5b-21e1-a577-ca93-a59278bdb8c3}.Debug|Any CPU.Build.0 = Debug|Any CPU
		{e1c47b5b-21e1-a577-ca93-a59278bdb8c3}.Release|Any CPU.ActiveCfg = Release|Any CPU
		{e1c47b5b-21e1-a577-ca93-a59278bdb8c3}.Release|Any CPU.Build.0 = Release|Any CPU
	EndGlobalSection
	GlobalSection(SolutionProperties) = preSolution
		HideSolutionNode = FALSE
	EndGlobalSection
EndGlobal
